// !$*UTF8*$!
{
	archiveVersion = 1;
	classes = {
	};
	objectVersion = 56;
	objects = {

/* Begin PBXBuildFile section */
		D4228BF32C04082100EC924A /* Kingfisher in Frameworks */ = {isa = PBXBuildFile; productRef = D4228BF22C04082100EC924A /* Kingfisher */; };
		D4228C742C06233500EC924A /* UILabel+Ex.swift in Sources */ = {isa = PBXBuildFile; fileRef = D4228C732C06233500EC924A /* UILabel+Ex.swift */; };
		D4A51BC82C01F30E00A5C15A /* AppDelegate.swift in Sources */ = {isa = PBXBuildFile; fileRef = D4A51BC72C01F30E00A5C15A /* AppDelegate.swift */; };
		D4A51BCA2C01F30E00A5C15A /* SceneDelegate.swift in Sources */ = {isa = PBXBuildFile; fileRef = D4A51BC92C01F30E00A5C15A /* SceneDelegate.swift */; };
		D4A51BCC2C01F30E00A5C15A /* ViewController.swift in Sources */ = {isa = PBXBuildFile; fileRef = D4A51BCB2C01F30E00A5C15A /* ViewController.swift */; };
		D4A51BCF2C01F30E00A5C15A /* Base in Resources */ = {isa = PBXBuildFile; fileRef = D4A51BCE2C01F30E00A5C15A /* Base */; };
		D4A51BD12C01F30F00A5C15A /* Assets.xcassets in Resources */ = {isa = PBXBuildFile; fileRef = D4A51BD02C01F30F00A5C15A /* Assets.xcassets */; };
		D4A51BD42C01F30F00A5C15A /* Base in Resources */ = {isa = PBXBuildFile; fileRef = D4A51BD32C01F30F00A5C15A /* Base */; };
		D4A51BDC2C01F56000A5C15A /* MagazineTableViewCell.swift in Sources */ = {isa = PBXBuildFile; fileRef = D4A51BDB2C01F56000A5C15A /* MagazineTableViewCell.swift */; };
		D4A51BDE2C01F56D00A5C15A /* MagazineTableViewController.swift in Sources */ = {isa = PBXBuildFile; fileRef = D4A51BDD2C01F56D00A5C15A /* MagazineTableViewController.swift */; };
		D4A51BE12C01FC3600A5C15A /* MagazineInfo.swift in Sources */ = {isa = PBXBuildFile; fileRef = D4A51BDF2C01FC3600A5C15A /* MagazineInfo.swift */; };
		D4A51BE22C01FC3600A5C15A /* Restaurant.swift in Sources */ = {isa = PBXBuildFile; fileRef = D4A51BE02C01FC3600A5C15A /* Restaurant.swift */; };
		D4A51BE82C020A4400A5C15A /* RestaurantTableViewCell.swift in Sources */ = {isa = PBXBuildFile; fileRef = D4A51BE72C020A4400A5C15A /* RestaurantTableViewCell.swift */; };
		D4F2B6952C0A038F00F575C2 /* TableViewCell+Ex.swift in Sources */ = {isa = PBXBuildFile; fileRef = D4F2B6942C0A038F00F575C2 /* TableViewCell+Ex.swift */; };
		D4F2B6972C0A08F800F575C2 /* Map+Ex.swift in Sources */ = {isa = PBXBuildFile; fileRef = D4F2B6962C0A08F800F575C2 /* Map+Ex.swift */; };
		D4F2B69D2C0A0ECB00F575C2 /* RestaurantTableViewCell.xib in Resources */ = {isa = PBXBuildFile; fileRef = D4F2B69B2C0A0ECB00F575C2 /* RestaurantTableViewCell.xib */; };
		D4F2B69F2C0A1CAF00F575C2 /* RestaurantViewController.swift in Sources */ = {isa = PBXBuildFile; fileRef = D4F2B69E2C0A1CAF00F575C2 /* RestaurantViewController.swift */; };
		D4F2B6A12C0AEC6900F575C2 /* MapViewController.swift in Sources */ = {isa = PBXBuildFile; fileRef = D4F2B6A02C0AEC6900F575C2 /* MapViewController.swift */; };
/* End PBXBuildFile section */

/* Begin PBXFileReference section */
		D4228C732C06233500EC924A /* UILabel+Ex.swift */ = {isa = PBXFileReference; lastKnownFileType = sourcecode.swift; path = "UILabel+Ex.swift"; sourceTree = "<group>"; };
		D4A51BC42C01F30E00A5C15A /* Magazine.app */ = {isa = PBXFileReference; explicitFileType = wrapper.application; includeInIndex = 0; path = Magazine.app; sourceTree = BUILT_PRODUCTS_DIR; };
		D4A51BC72C01F30E00A5C15A /* AppDelegate.swift */ = {isa = PBXFileReference; lastKnownFileType = sourcecode.swift; path = AppDelegate.swift; sourceTree = "<group>"; };
		D4A51BC92C01F30E00A5C15A /* SceneDelegate.swift */ = {isa = PBXFileReference; lastKnownFileType = sourcecode.swift; path = SceneDelegate.swift; sourceTree = "<group>"; };
		D4A51BCB2C01F30E00A5C15A /* ViewController.swift */ = {isa = PBXFileReference; lastKnownFileType = sourcecode.swift; path = ViewController.swift; sourceTree = "<group>"; };
		D4A51BCE2C01F30E00A5C15A /* Base */ = {isa = PBXFileReference; lastKnownFileType = file.storyboard; name = Base; path = Base.lproj/Main.storyboard; sourceTree = "<group>"; };
		D4A51BD02C01F30F00A5C15A /* Assets.xcassets */ = {isa = PBXFileReference; lastKnownFileType = folder.assetcatalog; path = Assets.xcassets; sourceTree = "<group>"; };
		D4A51BD32C01F30F00A5C15A /* Base */ = {isa = PBXFileReference; lastKnownFileType = file.storyboard; name = Base; path = Base.lproj/LaunchScreen.storyboard; sourceTree = "<group>"; };
		D4A51BD52C01F30F00A5C15A /* Info.plist */ = {isa = PBXFileReference; lastKnownFileType = text.plist.xml; path = Info.plist; sourceTree = "<group>"; };
		D4A51BDB2C01F56000A5C15A /* MagazineTableViewCell.swift */ = {isa = PBXFileReference; lastKnownFileType = sourcecode.swift; path = MagazineTableViewCell.swift; sourceTree = "<group>"; };
		D4A51BDD2C01F56D00A5C15A /* MagazineTableViewController.swift */ = {isa = PBXFileReference; lastKnownFileType = sourcecode.swift; path = MagazineTableViewController.swift; sourceTree = "<group>"; };
		D4A51BDF2C01FC3600A5C15A /* MagazineInfo.swift */ = {isa = PBXFileReference; fileEncoding = 4; lastKnownFileType = sourcecode.swift; path = MagazineInfo.swift; sourceTree = "<group>"; };
		D4A51BE02C01FC3600A5C15A /* Restaurant.swift */ = {isa = PBXFileReference; fileEncoding = 4; lastKnownFileType = sourcecode.swift; path = Restaurant.swift; sourceTree = "<group>"; };
		D4A51BE72C020A4400A5C15A /* RestaurantTableViewCell.swift */ = {isa = PBXFileReference; lastKnownFileType = sourcecode.swift; path = RestaurantTableViewCell.swift; sourceTree = "<group>"; };
		D4F2B6942C0A038F00F575C2 /* TableViewCell+Ex.swift */ = {isa = PBXFileReference; lastKnownFileType = sourcecode.swift; path = "TableViewCell+Ex.swift"; sourceTree = "<group>"; };
		D4F2B6962C0A08F800F575C2 /* Map+Ex.swift */ = {isa = PBXFileReference; lastKnownFileType = sourcecode.swift; path = "Map+Ex.swift"; sourceTree = "<group>"; };
		D4F2B69B2C0A0ECB00F575C2 /* RestaurantTableViewCell.xib */ = {isa = PBXFileReference; lastKnownFileType = file.xib; path = RestaurantTableViewCell.xib; sourceTree = "<group>"; };
		D4F2B69E2C0A1CAF00F575C2 /* RestaurantViewController.swift */ = {isa = PBXFileReference; lastKnownFileType = sourcecode.swift; path = RestaurantViewController.swift; sourceTree = "<group>"; };
		D4F2B6A02C0AEC6900F575C2 /* MapViewController.swift */ = {isa = PBXFileReference; lastKnownFileType = sourcecode.swift; path = MapViewController.swift; sourceTree = "<group>"; };
/* End PBXFileReference section */

/* Begin PBXFrameworksBuildPhase section */
		D4A51BC12C01F30E00A5C15A /* Frameworks */ = {
			isa = PBXFrameworksBuildPhase;
			buildActionMask = 2147483647;
			files = (
				D4228BF32C04082100EC924A /* Kingfisher in Frameworks */,
			);
			runOnlyForDeploymentPostprocessing = 0;
		};
/* End PBXFrameworksBuildPhase section */

/* Begin PBXGroup section */
		D4228C722C06232100EC924A /* Extensions */ = {
			isa = PBXGroup;
			children = (
				D4228C732C06233500EC924A /* UILabel+Ex.swift */,
				D4F2B6942C0A038F00F575C2 /* TableViewCell+Ex.swift */,
				D4F2B6962C0A08F800F575C2 /* Map+Ex.swift */,
			);
			path = Extensions;
			sourceTree = "<group>";
		};
		D4A51BBB2C01F30D00A5C15A = {
			isa = PBXGroup;
			children = (
				D4A51BC62C01F30E00A5C15A /* Magazine */,
				D4A51BC52C01F30E00A5C15A /* Products */,
			);
			sourceTree = "<group>";
		};
		D4A51BC52C01F30E00A5C15A /* Products */ = {
			isa = PBXGroup;
			children = (
				D4A51BC42C01F30E00A5C15A /* Magazine.app */,
			);
			name = Products;
			sourceTree = "<group>";
		};
		D4A51BC62C01F30E00A5C15A /* Magazine */ = {
			isa = PBXGroup;
			children = (
				D4A51BC72C01F30E00A5C15A /* AppDelegate.swift */,
				D4A51BC92C01F30E00A5C15A /* SceneDelegate.swift */,
				D4A51BCB2C01F30E00A5C15A /* ViewController.swift */,
				D4A51BCD2C01F30E00A5C15A /* Main.storyboard */,
				D4A51BE42C020A0A00A5C15A /* Restaurant */,
				D4A51BE32C0209F800A5C15A /* Magazine */,
				D4228C722C06232100EC924A /* Extensions */,
				D4A51BD02C01F30F00A5C15A /* Assets.xcassets */,
				D4A51BD22C01F30F00A5C15A /* LaunchScreen.storyboard */,
				D4A51BD52C01F30F00A5C15A /* Info.plist */,
			);
			path = Magazine;
			sourceTree = "<group>";
		};
		D4A51BE32C0209F800A5C15A /* Magazine */ = {
			isa = PBXGroup;
			children = (
				D4A51BDF2C01FC3600A5C15A /* MagazineInfo.swift */,
				D4A51BDD2C01F56D00A5C15A /* MagazineTableViewController.swift */,
				D4A51BDB2C01F56000A5C15A /* MagazineTableViewCell.swift */,
			);
			path = Magazine;
			sourceTree = "<group>";
		};
		D4A51BE42C020A0A00A5C15A /* Restaurant */ = {
			isa = PBXGroup;
			children = (
				D4F2B69E2C0A1CAF00F575C2 /* RestaurantViewController.swift */,
				D4F2B6A02C0AEC6900F575C2 /* MapViewController.swift */,
				D4F2B69B2C0A0ECB00F575C2 /* RestaurantTableViewCell.xib */,
				D4A51BE72C020A4400A5C15A /* RestaurantTableViewCell.swift */,
				D4A51BE02C01FC3600A5C15A /* Restaurant.swift */,
			);
			path = Restaurant;
			sourceTree = "<group>";
		};
/* End PBXGroup section */

/* Begin PBXNativeTarget section */
		D4A51BC32C01F30E00A5C15A /* Magazine */ = {
			isa = PBXNativeTarget;
			buildConfigurationList = D4A51BD82C01F30F00A5C15A /* Build configuration list for PBXNativeTarget "Magazine" */;
			buildPhases = (
				D4A51BC02C01F30E00A5C15A /* Sources */,
				D4A51BC12C01F30E00A5C15A /* Frameworks */,
				D4A51BC22C01F30E00A5C15A /* Resources */,
			);
			buildRules = (
			);
			dependencies = (
			);
			name = Magazine;
			packageProductDependencies = (
				D4228BF22C04082100EC924A /* Kingfisher */,
			);
			productName = Magazine;
			productReference = D4A51BC42C01F30E00A5C15A /* Magazine.app */;
			productType = "com.apple.product-type.application";
		};
/* End PBXNativeTarget section */

/* Begin PBXProject section */
		D4A51BBC2C01F30D00A5C15A /* Project object */ = {
			isa = PBXProject;
			attributes = {
				BuildIndependentTargetsInParallel = 1;
				LastSwiftUpdateCheck = 1540;
				LastUpgradeCheck = 1540;
				TargetAttributes = {
					D4A51BC32C01F30E00A5C15A = {
						CreatedOnToolsVersion = 15.4;
					};
				};
			};
			buildConfigurationList = D4A51BBF2C01F30D00A5C15A /* Build configuration list for PBXProject "Magazine" */;
			compatibilityVersion = "Xcode 14.0";
			developmentRegion = en;
			hasScannedForEncodings = 0;
			knownRegions = (
				en,
				Base,
			);
			mainGroup = D4A51BBB2C01F30D00A5C15A;
			packageReferences = (
				D4228BF12C04082100EC924A /* XCRemoteSwiftPackageReference "Kingfisher" */,
			);
			productRefGroup = D4A51BC52C01F30E00A5C15A /* Products */;
			projectDirPath = "";
			projectRoot = "";
			targets = (
				D4A51BC32C01F30E00A5C15A /* Magazine */,
			);
		};
/* End PBXProject section */

/* Begin PBXResourcesBuildPhase section */
		D4A51BC22C01F30E00A5C15A /* Resources */ = {
			isa = PBXResourcesBuildPhase;
			buildActionMask = 2147483647;
			files = (
				D4A51BD12C01F30F00A5C15A /* Assets.xcassets in Resources */,
				D4A51BD42C01F30F00A5C15A /* Base in Resources */,
				D4A51BCF2C01F30E00A5C15A /* Base in Resources */,
				D4F2B69D2C0A0ECB00F575C2 /* RestaurantTableViewCell.xib in Resources */,
			);
			runOnlyForDeploymentPostprocessing = 0;
		};
/* End PBXResourcesBuildPhase section */

/* Begin PBXSourcesBuildPhase section */
		D4A51BC02C01F30E00A5C15A /* Sources */ = {
			isa = PBXSourcesBuildPhase;
			buildActionMask = 2147483647;
			files = (
				D4A51BDE2C01F56D00A5C15A /* MagazineTableViewController.swift in Sources */,
				D4F2B6972C0A08F800F575C2 /* Map+Ex.swift in Sources */,
				D4A51BCC2C01F30E00A5C15A /* ViewController.swift in Sources */,
				D4A51BDC2C01F56000A5C15A /* MagazineTableViewCell.swift in Sources */,
				D4A51BE22C01FC3600A5C15A /* Restaurant.swift in Sources */,
				D4A51BC82C01F30E00A5C15A /* AppDelegate.swift in Sources */,
				D4F2B6A12C0AEC6900F575C2 /* MapViewController.swift in Sources */,
				D4228C742C06233500EC924A /* UILabel+Ex.swift in Sources */,
				D4A51BCA2C01F30E00A5C15A /* SceneDelegate.swift in Sources */,
				D4F2B6952C0A038F00F575C2 /* TableViewCell+Ex.swift in Sources */,
				D4F2B69F2C0A1CAF00F575C2 /* RestaurantViewController.swift in Sources */,
				D4A51BE82C020A4400A5C15A /* RestaurantTableViewCell.swift in Sources */,
				D4A51BE12C01FC3600A5C15A /* MagazineInfo.swift in Sources */,
			);
			runOnlyForDeploymentPostprocessing = 0;
		};
/* End PBXSourcesBuildPhase section */

/* Begin PBXVariantGroup section */
		D4A51BCD2C01F30E00A5C15A /* Main.storyboard */ = {
			isa = PBXVariantGroup;
			children = (
				D4A51BCE2C01F30E00A5C15A /* Base */,
			);
			name = Main.storyboard;
			sourceTree = "<group>";
		};
		D4A51BD22C01F30F00A5C15A /* LaunchScreen.storyboard */ = {
			isa = PBXVariantGroup;
			children = (
				D4A51BD32C01F30F00A5C15A /* Base */,
			);
			name = LaunchScreen.storyboard;
			sourceTree = "<group>";
		};
/* End PBXVariantGroup section */

/* Begin XCBuildConfiguration section */
		D4A51BD62C01F30F00A5C15A /* Debug */ = {
			isa = XCBuildConfiguration;
			buildSettings = {
				ALWAYS_SEARCH_USER_PATHS = NO;
				ASSETCATALOG_COMPILER_GENERATE_SWIFT_ASSET_SYMBOL_EXTENSIONS = YES;
				CLANG_ANALYZER_NONNULL = YES;
				CLANG_ANALYZER_NUMBER_OBJECT_CONVERSION = YES_AGGRESSIVE;
				CLANG_CXX_LANGUAGE_STANDARD = "gnu++20";
				CLANG_ENABLE_MODULES = YES;
				CLANG_ENABLE_OBJC_ARC = YES;
				CLANG_ENABLE_OBJC_WEAK = YES;
				CLANG_WARN_BLOCK_CAPTURE_AUTORELEASING = YES;
				CLANG_WARN_BOOL_CONVERSION = YES;
				CLANG_WARN_COMMA = YES;
				CLANG_WARN_CONSTANT_CONVERSION = YES;
				CLANG_WARN_DEPRECATED_OBJC_IMPLEMENTATIONS = YES;
				CLANG_WARN_DIRECT_OBJC_ISA_USAGE = YES_ERROR;
				CLANG_WARN_DOCUMENTATION_COMMENTS = YES;
				CLANG_WARN_EMPTY_BODY = YES;
				CLANG_WARN_ENUM_CONVERSION = YES;
				CLANG_WARN_INFINITE_RECURSION = YES;
				CLANG_WARN_INT_CONVERSION = YES;
				CLANG_WARN_NON_LITERAL_NULL_CONVERSION = YES;
				CLANG_WARN_OBJC_IMPLICIT_RETAIN_SELF = YES;
				CLANG_WARN_OBJC_LITERAL_CONVERSION = YES;
				CLANG_WARN_OBJC_ROOT_CLASS = YES_ERROR;
				CLANG_WARN_QUOTED_INCLUDE_IN_FRAMEWORK_HEADER = YES;
				CLANG_WARN_RANGE_LOOP_ANALYSIS = YES;
				CLANG_WARN_STRICT_PROTOTYPES = YES;
				CLANG_WARN_SUSPICIOUS_MOVE = YES;
				CLANG_WARN_UNGUARDED_AVAILABILITY = YES_AGGRESSIVE;
				CLANG_WARN_UNREACHABLE_CODE = YES;
				CLANG_WARN__DUPLICATE_METHOD_MATCH = YES;
				COPY_PHASE_STRIP = NO;
				DEBUG_INFORMATION_FORMAT = dwarf;
				ENABLE_STRICT_OBJC_MSGSEND = YES;
				ENABLE_TESTABILITY = YES;
				ENABLE_USER_SCRIPT_SANDBOXING = YES;
				GCC_C_LANGUAGE_STANDARD = gnu17;
				GCC_DYNAMIC_NO_PIC = NO;
				GCC_NO_COMMON_BLOCKS = YES;
				GCC_OPTIMIZATION_LEVEL = 0;
				GCC_PREPROCESSOR_DEFINITIONS = (
					"DEBUG=1",
					"$(inherited)",
				);
				GCC_WARN_64_TO_32_BIT_CONVERSION = YES;
				GCC_WARN_ABOUT_RETURN_TYPE = YES_ERROR;
				GCC_WARN_UNDECLARED_SELECTOR = YES;
				GCC_WARN_UNINITIALIZED_AUTOS = YES_AGGRESSIVE;
				GCC_WARN_UNUSED_FUNCTION = YES;
				GCC_WARN_UNUSED_VARIABLE = YES;
				IPHONEOS_DEPLOYMENT_TARGET = 17.5;
				LOCALIZATION_PREFERS_STRING_CATALOGS = YES;
				MTL_ENABLE_DEBUG_INFO = INCLUDE_SOURCE;
				MTL_FAST_MATH = YES;
				ONLY_ACTIVE_ARCH = YES;
				SDKROOT = iphoneos;
				SWIFT_ACTIVE_COMPILATION_CONDITIONS = "DEBUG $(inherited)";
				SWIFT_OPTIMIZATION_LEVEL = "-Onone";
			};
			name = Debug;
		};
		D4A51BD72C01F30F00A5C15A /* Release */ = {
			isa = XCBuildConfiguration;
			buildSettings = {
				ALWAYS_SEARCH_USER_PATHS = NO;
				ASSETCATALOG_COMPILER_GENERATE_SWIFT_ASSET_SYMBOL_EXTENSIONS = YES;
				CLANG_ANALYZER_NONNULL = YES;
				CLANG_ANALYZER_NUMBER_OBJECT_CONVERSION = YES_AGGRESSIVE;
				CLANG_CXX_LANGUAGE_STANDARD = "gnu++20";
				CLANG_ENABLE_MODULES = YES;
				CLANG_ENABLE_OBJC_ARC = YES;
				CLANG_ENABLE_OBJC_WEAK = YES;
				CLANG_WARN_BLOCK_CAPTURE_AUTORELEASING = YES;
				CLANG_WARN_BOOL_CONVERSION = YES;
				CLANG_WARN_COMMA = YES;
				CLANG_WARN_CONSTANT_CONVERSION = YES;
				CLANG_WARN_DEPRECATED_OBJC_IMPLEMENTATIONS = YES;
				CLANG_WARN_DIRECT_OBJC_ISA_USAGE = YES_ERROR;
				CLANG_WARN_DOCUMENTATION_COMMENTS = YES;
				CLANG_WARN_EMPTY_BODY = YES;
				CLANG_WARN_ENUM_CONVERSION = YES;
				CLANG_WARN_INFINITE_RECURSION = YES;
				CLANG_WARN_INT_CONVERSION = YES;
				CLANG_WARN_NON_LITERAL_NULL_CONVERSION = YES;
				CLANG_WARN_OBJC_IMPLICIT_RETAIN_SELF = YES;
				CLANG_WARN_OBJC_LITERAL_CONVERSION = YES;
				CLANG_WARN_OBJC_ROOT_CLASS = YES_ERROR;
				CLANG_WARN_QUOTED_INCLUDE_IN_FRAMEWORK_HEADER = YES;
				CLANG_WARN_RANGE_LOOP_ANALYSIS = YES;
				CLANG_WARN_STRICT_PROTOTYPES = YES;
				CLANG_WARN_SUSPICIOUS_MOVE = YES;
				CLANG_WARN_UNGUARDED_AVAILABILITY = YES_AGGRESSIVE;
				CLANG_WARN_UNREACHABLE_CODE = YES;
				CLANG_WARN__DUPLICATE_METHOD_MATCH = YES;
				COPY_PHASE_STRIP = NO;
				DEBUG_INFORMATION_FORMAT = "dwarf-with-dsym";
				ENABLE_NS_ASSERTIONS = NO;
				ENABLE_STRICT_OBJC_MSGSEND = YES;
				ENABLE_USER_SCRIPT_SANDBOXING = YES;
				GCC_C_LANGUAGE_STANDARD = gnu17;
				GCC_NO_COMMON_BLOCKS = YES;
				GCC_WARN_64_TO_32_BIT_CONVERSION = YES;
				GCC_WARN_ABOUT_RETURN_TYPE = YES_ERROR;
				GCC_WARN_UNDECLARED_SELECTOR = YES;
				GCC_WARN_UNINITIALIZED_AUTOS = YES_AGGRESSIVE;
				GCC_WARN_UNUSED_FUNCTION = YES;
				GCC_WARN_UNUSED_VARIABLE = YES;
				IPHONEOS_DEPLOYMENT_TARGET = 17.5;
				LOCALIZATION_PREFERS_STRING_CATALOGS = YES;
				MTL_ENABLE_DEBUG_INFO = NO;
				MTL_FAST_MATH = YES;
				SDKROOT = iphoneos;
				SWIFT_COMPILATION_MODE = wholemodule;
				VALIDATE_PRODUCT = YES;
			};
			name = Release;
		};
		D4A51BD92C01F30F00A5C15A /* Debug */ = {
			isa = XCBuildConfiguration;
			buildSettings = {
				ASSETCATALOG_COMPILER_APPICON_NAME = AppIcon;
				ASSETCATALOG_COMPILER_GLOBAL_ACCENT_COLOR_NAME = AccentColor;
				CODE_SIGN_STYLE = Automatic;
				CURRENT_PROJECT_VERSION = 1;
				DEVELOPMENT_TEAM = NWL6WKXWCJ;
				GENERATE_INFOPLIST_FILE = YES;
				INFOPLIST_FILE = Magazine/Info.plist;
				INFOPLIST_KEY_UIApplicationSupportsIndirectInputEvents = YES;
				INFOPLIST_KEY_UILaunchStoryboardName = LaunchScreen;
				INFOPLIST_KEY_UIMainStoryboardFile = Main;
				INFOPLIST_KEY_UISupportedInterfaceOrientations = UIInterfaceOrientationPortrait;
				INFOPLIST_KEY_UISupportedInterfaceOrientations_iPad = "UIInterfaceOrientationLandscapeLeft UIInterfaceOrientationLandscapeRight UIInterfaceOrientationPortrait UIInterfaceOrientationPortraitUpsideDown";
				IPHONEOS_DEPLOYMENT_TARGET = 16.0;
				LD_RUNPATH_SEARCH_PATHS = (
					"$(inherited)",
					"@executable_path/Frameworks",
				);
				MARKETING_VERSION = 1.0;
				PRODUCT_BUNDLE_IDENTIFIER = com.Ray.Magazine;
				PRODUCT_NAME = "$(TARGET_NAME)";
				SUPPORTED_PLATFORMS = "iphoneos iphonesimulator";
				SUPPORTS_MACCATALYST = NO;
				SUPPORTS_MAC_DESIGNED_FOR_IPHONE_IPAD = NO;
				SUPPORTS_XR_DESIGNED_FOR_IPHONE_IPAD = NO;
				SWIFT_EMIT_LOC_STRINGS = YES;
				SWIFT_VERSION = 5.0;
				TARGETED_DEVICE_FAMILY = 1;
			};
			name = Debug;
		};
		D4A51BDA2C01F30F00A5C15A /* Release */ = {
			isa = XCBuildConfiguration;
			buildSettings = {
				ASSETCATALOG_COMPILER_APPICON_NAME = AppIcon;
				ASSETCATALOG_COMPILER_GLOBAL_ACCENT_COLOR_NAME = AccentColor;
				CODE_SIGN_STYLE = Automatic;
				CURRENT_PROJECT_VERSION = 1;
				DEVELOPMENT_TEAM = NWL6WKXWCJ;
				GENERATE_INFOPLIST_FILE = YES;
				INFOPLIST_FILE = Magazine/Info.plist;
				INFOPLIST_KEY_UIApplicationSupportsIndirectInputEvents = YES;
				INFOPLIST_KEY_UILaunchStoryboardName = LaunchScreen;
				INFOPLIST_KEY_UIMainStoryboardFile = Main;
				INFOPLIST_KEY_UISupportedInterfaceOrientations = UIInterfaceOrientationPortrait;
				INFOPLIST_KEY_UISupportedInterfaceOrientations_iPad = "UIInterfaceOrientationLandscapeLeft UIInterfaceOrientationLandscapeRight UIInterfaceOrientationPortrait UIInterfaceOrientationPortraitUpsideDown";
				IPHONEOS_DEPLOYMENT_TARGET = 16.0;
				LD_RUNPATH_SEARCH_PATHS = (
					"$(inherited)",
					"@executable_path/Frameworks",
				);
				MARKETING_VERSION = 1.0;
				PRODUCT_BUNDLE_IDENTIFIER = com.Ray.Magazine;
				PRODUCT_NAME = "$(TARGET_NAME)";
				SUPPORTED_PLATFORMS = "iphoneos iphonesimulator";
				SUPPORTS_MACCATALYST = NO;
				SUPPORTS_MAC_DESIGNED_FOR_IPHONE_IPAD = NO;
				SUPPORTS_XR_DESIGNED_FOR_IPHONE_IPAD = NO;
				SWIFT_EMIT_LOC_STRINGS = YES;
				SWIFT_VERSION = 5.0;
				TARGETED_DEVICE_FAMILY = 1;
			};
			name = Release;
		};
/* End XCBuildConfiguration section */

/* Begin XCConfigurationList section */
		D4A51BBF2C01F30D00A5C15A /* Build configuration list for PBXProject "Magazine" */ = {
			isa = XCConfigurationList;
			buildConfigurations = (
				D4A51BD62C01F30F00A5C15A /* Debug */,
				D4A51BD72C01F30F00A5C15A /* Release */,
			);
			defaultConfigurationIsVisible = 0;
			defaultConfigurationName = Release;
		};
		D4A51BD82C01F30F00A5C15A /* Build configuration list for PBXNativeTarget "Magazine" */ = {
			isa = XCConfigurationList;
			buildConfigurations = (
				D4A51BD92C01F30F00A5C15A /* Debug */,
				D4A51BDA2C01F30F00A5C15A /* Release */,
			);
			defaultConfigurationIsVisible = 0;
			defaultConfigurationName = Release;
		};
/* End XCConfigurationList section */

/* Begin XCRemoteSwiftPackageReference section */
		D4228BF12C04082100EC924A /* XCRemoteSwiftPackageReference "Kingfisher" */ = {
			isa = XCRemoteSwiftPackageReference;
			repositoryURL = "https://github.com/onevcat/Kingfisher.git";
			requirement = {
				kind = upToNextMajorVersion;
				minimumVersion = 7.11.0;
			};
		};
/* End XCRemoteSwiftPackageReference section */

/* Begin XCSwiftPackageProductDependency section */
		D4228BF22C04082100EC924A /* Kingfisher */ = {
			isa = XCSwiftPackageProductDependency;
			package = D4228BF12C04082100EC924A /* XCRemoteSwiftPackageReference "Kingfisher" */;
			productName = Kingfisher;
		};
/* End XCSwiftPackageProductDependency section */
	};
	rootObject = D4A51BBC2C01F30D00A5C15A /* Project object */;
}
